<Solution>
  <Folder Name="/src/">
    <Project Path="src/FluentReport/FluentReport.csproj" />
    <Project Path="src/FluentReport.Excel/FluentReport.Excel.csproj" />
  </Folder>
  <Folder Name="/tests/">
    <Project Path="tests/FluentReport.Tests/FluentReport.Tests.csproj" />
    <Project Path="tests/FluentReport.Excel.Tests/FluentReport.Excel.Tests.csproj" />
  </Folder>
  <Folder Name="/samples/">
    <Project Path="samples/FluentReport.Samples/FluentReport.Samples.csproj" />
  </Folder>
</Solution>
